
Microsoft Visual Studio Solution File, Format Version 12.00
# Visual Studio Version 16
VisualStudioVersion = 16.0.30503.244
MinimumVisualStudioVersion = 10.0.40219.1
Project("{9A19103F-16F7-4668-BE54-9A1E7A4F7556}") = "MMK.IS-Atach.Domain", "MMK.IS-Atach.Domain.csproj", "{1E42913C-130B-4650-9A4D-01B43A7213CD}"
EndProject
Global
	GlobalSection(SolutionConfigurationPlatforms) = preSolution
		Debug|Any CPU = Debug|Any CPU
		Release|Any CPU = Release|Any CPU
	EndGlobalSection
	GlobalSection(ProjectConfigurationPlatforms) = postSolution
		{1E42913C-130B-4650-9A4D-01B43A7213CD}.Debug|Any CPU.ActiveCfg = Debug|Any CPU
		{1E42913C-130B-4650-9A4D-01B43A7213CD}.Debug|Any CPU.Build.0 = Debug|Any CPU
		{1E42913C-130B-4650-9A4D-01B43A7213CD}.Release|Any CPU.ActiveCfg = Release|Any CPU
		{1E42913C-130B-4650-9A4D-01B43A7213CD}.Release|Any CPU.Build.0 = Release|Any CPU
	EndGlobalSection
	GlobalSection(SolutionProperties) = preSolution
		HideSolutionNode = FALSE
	EndGlobalSection
	GlobalSection(ExtensibilityGlobals) = postSolution
		SolutionGuid = {7DCC67B9-049F-4337-B610-8FF59F1400DA}
	EndGlobalSection
EndGlobal
